
Microsoft Visual Studio Solution File, Format Version 12.00
# Visual Studio Version 16
VisualStudioVersion = 16.0.31613.86
MinimumVisualStudioVersion = 10.0.40219.1
Project("{9A19103F-16F7-4668-BE54-9A1E7A4F7556}") = "TheDecoratorPattern", "TheDecoratorPattern.csproj", "{D113133D-9369-4A59-A4FA-8D8833E87A70}"
EndProject
Project("{9A19103F-16F7-4668-BE54-9A1E7A4F7556}") = "TheFactoryPattern", "..\SimpleFactory\TheFactoryPattern.csproj", "{E3AE50B4-C76E-4C1B-B168-45F5732437BC}"
EndProject
Global
	GlobalSection(SolutionConfigurationPlatforms) = preSolution
		Debug|Any CPU = Debug|Any CPU
		Release|Any CPU = Release|Any CPU
	EndGlobalSection
	GlobalSection(ProjectConfigurationPlatforms) = postSolution
		{D113133D-9369-4A59-A4FA-8D8833E87A70}.Debug|Any CPU.ActiveCfg = Debug|Any CPU
		{D113133D-9369-4A59-A4FA-8D8833E87A70}.Debug|Any CPU.Build.0 = Debug|Any CPU
		{D113133D-9369-4A59-A4FA-8D8833E87A70}.Release|Any CPU.ActiveCfg = Release|Any CPU
		{D113133D-9369-4A59-A4FA-8D8833E87A70}.Release|Any CPU.Build.0 = Release|Any CPU
		{E3AE50B4-C76E-4C1B-B168-45F5732437BC}.Debug|Any CPU.ActiveCfg = Debug|Any CPU
		{E3AE50B4-C76E-4C1B-B168-45F5732437BC}.Debug|Any CPU.Build.0 = Debug|Any CPU
		{E3AE50B4-C76E-4C1B-B168-45F5732437BC}.Release|Any CPU.ActiveCfg = Release|Any CPU
		{E3AE50B4-C76E-4C1B-B168-45F5732437BC}.Release|Any CPU.Build.0 = Release|Any CPU
	EndGlobalSection
	GlobalSection(SolutionProperties) = preSolution
		HideSolutionNode = FALSE
	EndGlobalSection
	GlobalSection(ExtensibilityGlobals) = postSolution
		SolutionGuid = {E334B1BB-85D0-42A9-AF6D-A67C90847847}
	EndGlobalSection
EndGlobal
